
Microsoft Visual Studio Solution File, Format Version 12.00
# Visual Studio Version 16
VisualStudioVersion = 16.0.31005.135
MinimumVisualStudioVersion = 10.0.40219.1
Project("{FAE04EC0-301F-11D3-BF4B-00C04F79EFBC}") = "Project-A", "Project-A\Project-A.csproj", "{F1A4BA79-B72A-4816-AF5F-DE2B1DAA9004}"
EndProject
Global
	GlobalSection(SolutionConfigurationPlatforms) = preSolution
		Debug|Any CPU = Debug|Any CPU
		Release|Any CPU = Release|Any CPU
	EndGlobalSection
	GlobalSection(ProjectConfigurationPlatforms) = postSolution
		{F1A4BA79-B72A-4816-AF5F-DE2B1DAA9004}.Debug|Any CPU.ActiveCfg = Debug|Any CPU
		{F1A4BA79-B72A-4816-AF5F-DE2B1DAA9004}.Debug|Any CPU.Build.0 = Debug|Any CPU
		{F1A4BA79-B72A-4816-AF5F-DE2B1DAA9004}.Release|Any CPU.ActiveCfg = Release|Any CPU
		{F1A4BA79-B72A-4816-AF5F-DE2B1DAA9004}.Release|Any CPU.Build.0 = Release|Any CPU
	EndGlobalSection
	GlobalSection(SolutionProperties) = preSolution
		HideSolutionNode = FALSE
	EndGlobalSection
	GlobalSection(ExtensibilityGlobals) = postSolution
		SolutionGuid = {B08185AC-AF56-4D95-B00E-748BC377D320}
	EndGlobalSection
EndGlobal
